
Microsoft Visual Studio Solution File, Format Version 12.00
# Visual Studio 15
VisualStudioVersion = 15.0.27130.2010
MinimumVisualStudioVersion = 10.0.40219.1
Project("{9A19103F-16F7-4668-BE54-9A1E7A4F7556}") = "TicTacToe", "TicTacToe_Core\TicTacToe.csproj", "{33ED1BEB-A678-41F7-B423-096B616E3D55}"
EndProject
Project("{FAE04EC0-301F-11D3-BF4B-00C04F79EFBC}") = "TicTacToe.Logic", "TicTacToe.Logic\TicTacToe.Logic.csproj", "{5502C17B-E16C-45F4-BA08-D9C7D3442C97}"
EndProject
Project("{FAE04EC0-301F-11D3-BF4B-00C04F79EFBC}") = "WebApplication1", "WebApplication1\WebApplication1.csproj", "{C58EB031-D657-4D3C-B5CF-0A3F3465624E}"
EndProject
Global
	GlobalSection(SolutionConfigurationPlatforms) = preSolution
		Debug|Any CPU = Debug|Any CPU
		Release|Any CPU = Release|Any CPU
	EndGlobalSection
	GlobalSection(ProjectConfigurationPlatforms) = postSolution
		{33ED1BEB-A678-41F7-B423-096B616E3D55}.Debug|Any CPU.ActiveCfg = Debug|Any CPU
		{33ED1BEB-A678-41F7-B423-096B616E3D55}.Debug|Any CPU.Build.0 = Debug|Any CPU
		{33ED1BEB-A678-41F7-B423-096B616E3D55}.Release|Any CPU.ActiveCfg = Release|Any CPU
		{33ED1BEB-A678-41F7-B423-096B616E3D55}.Release|Any CPU.Build.0 = Release|Any CPU
		{5502C17B-E16C-45F4-BA08-D9C7D3442C97}.Debug|Any CPU.ActiveCfg = Debug|Any CPU
		{5502C17B-E16C-45F4-BA08-D9C7D3442C97}.Debug|Any CPU.Build.0 = Debug|Any CPU
		{5502C17B-E16C-45F4-BA08-D9C7D3442C97}.Release|Any CPU.ActiveCfg = Release|Any CPU
		{5502C17B-E16C-45F4-BA08-D9C7D3442C97}.Release|Any CPU.Build.0 = Release|Any CPU
		{C58EB031-D657-4D3C-B5CF-0A3F3465624E}.Debug|Any CPU.ActiveCfg = Debug|Any CPU
		{C58EB031-D657-4D3C-B5CF-0A3F3465624E}.Debug|Any CPU.Build.0 = Debug|Any CPU
		{C58EB031-D657-4D3C-B5CF-0A3F3465624E}.Release|Any CPU.ActiveCfg = Release|Any CPU
		{C58EB031-D657-4D3C-B5CF-0A3F3465624E}.Release|Any CPU.Build.0 = Release|Any CPU
	EndGlobalSection
	GlobalSection(SolutionProperties) = preSolution
		HideSolutionNode = FALSE
	EndGlobalSection
	GlobalSection(ExtensibilityGlobals) = postSolution
		SolutionGuid = {F706155D-B86D-4E8D-8482-3918407A1345}
	EndGlobalSection
EndGlobal
