
Microsoft Visual Studio Solution File, Format Version 12.00
# Visual Studio 15
VisualStudioVersion = 15.0.27130.2010
MinimumVisualStudioVersion = 10.0.40219.1
Project("{FAE04EC0-301F-11D3-BF4B-00C04F79EFBC}") = "TicTacToe.Logic", "TicTacToe.Logic\TicTacToe.Logic.csproj", "{5502C17B-E16C-45F4-BA08-D9C7D3442C97}"
EndProject
Project("{9A19103F-16F7-4668-BE54-9A1E7A4F7556}") = "TicTacToe.Web", "TicTacToe.Web\TicTacToe.Web.csproj", "{3F8B8788-783E-4382-BDA2-C68C76CB64B9}"
EndProject
Project("{FAE04EC0-301F-11D3-BF4B-00C04F79EFBC}") = "ConsoleApp1", "ConsoleApp1\ConsoleApp1.csproj", "{0A0CB4B5-15CA-4A0A-B7AD-F59A6339D952}"
EndProject
Global
	GlobalSection(SolutionConfigurationPlatforms) = preSolution
		Debug|Any CPU = Debug|Any CPU
		Release|Any CPU = Release|Any CPU
	EndGlobalSection
	GlobalSection(ProjectConfigurationPlatforms) = postSolution
		{5502C17B-E16C-45F4-BA08-D9C7D3442C97}.Debug|Any CPU.ActiveCfg = Debug|Any CPU
		{5502C17B-E16C-45F4-BA08-D9C7D3442C97}.Debug|Any CPU.Build.0 = Debug|Any CPU
		{5502C17B-E16C-45F4-BA08-D9C7D3442C97}.Release|Any CPU.ActiveCfg = Release|Any CPU
		{5502C17B-E16C-45F4-BA08-D9C7D3442C97}.Release|Any CPU.Build.0 = Release|Any CPU
		{3F8B8788-783E-4382-BDA2-C68C76CB64B9}.Debug|Any CPU.ActiveCfg = Debug|Any CPU
		{3F8B8788-783E-4382-BDA2-C68C76CB64B9}.Debug|Any CPU.Build.0 = Debug|Any CPU
		{3F8B8788-783E-4382-BDA2-C68C76CB64B9}.Release|Any CPU.ActiveCfg = Release|Any CPU
		{3F8B8788-783E-4382-BDA2-C68C76CB64B9}.Release|Any CPU.Build.0 = Release|Any CPU
		{0A0CB4B5-15CA-4A0A-B7AD-F59A6339D952}.Debug|Any CPU.ActiveCfg = Debug|Any CPU
		{0A0CB4B5-15CA-4A0A-B7AD-F59A6339D952}.Debug|Any CPU.Build.0 = Debug|Any CPU
		{0A0CB4B5-15CA-4A0A-B7AD-F59A6339D952}.Release|Any CPU.ActiveCfg = Release|Any CPU
		{0A0CB4B5-15CA-4A0A-B7AD-F59A6339D952}.Release|Any CPU.Build.0 = Release|Any CPU
	EndGlobalSection
	GlobalSection(SolutionProperties) = preSolution
		HideSolutionNode = FALSE
	EndGlobalSection
	GlobalSection(ExtensibilityGlobals) = postSolution
		SolutionGuid = {F706155D-B86D-4E8D-8482-3918407A1345}
	EndGlobalSection
EndGlobal
